PODS:
  - camera_avfoundation (0.0.1):
    - Flutter
  - CocoaAsyncSocket (7.6.5)
  - CocoaLumberjack (3.8.0):
    - CocoaLumberjack/Core (= 3.8.0)
  - CocoaLumberjack/Core (3.8.0)
  - CocoaLumberjack/Swift (3.8.0):
    - CocoaLumberjack/Core
  - device_info_plus (0.0.1):
    - Flutter
  - Flutter (1.0.0)
  - KissXML (5.3.1):
    - KissXML/All (= 5.3.1)
  - KissXML/Additions (5.3.1):
    - KissXML/Core
  - KissXML/All (5.3.1):
    - KissXML/Additions
    - KissXML/Core
  - KissXML/Core (5.3.1)
  - libidn (1.35)
  - path_provider_foundation (0.0.1):
    - Flutter
    - FlutterMacOS
  - permission_handler_apple (9.0.4):
    - Flutter
  - share_plus (0.0.1):
    - Flutter
  - shared_preferences_foundation (0.0.1):
    - Flutter
    - FlutterMacOS
  - xmpp_plugin (2.2.6):
    - Flutter
    - XMPPFramework/Swift
  - XMPPFramework/default (4.0.0):
    - CocoaAsyncSocket (~> 7.6)
    - CocoaLumberjack
    - KissXML (~> 5.2)
    - libidn (~> 1.35)
  - XMPPFramework/Swift (4.0.0):
    - CocoaLumberjack/Swift
    - XMPPFramework/default

DEPENDENCIES:
  - camera_avfoundation (from `.symlinks/plugins/camera_avfoundation/ios`)
  - device_info_plus (from `.symlinks/plugins/device_info_plus/ios`)
  - Flutter (from `Flutter`)
  - path_provider_foundation (from `.symlinks/plugins/path_provider_foundation/ios`)
  - permission_handler_apple (from `.symlinks/plugins/permission_handler_apple/ios`)
  - share_plus (from `.symlinks/plugins/share_plus/ios`)
  - shared_preferences_foundation (from `.symlinks/plugins/shared_preferences_foundation/ios`)
  - xmpp_plugin (from `.symlinks/plugins/xmpp_plugin/ios`)

SPEC REPOS:
  trunk:
    - CocoaAsyncSocket
    - CocoaLumberjack
    - KissXML
    - libidn
    - XMPPFramework

EXTERNAL SOURCES:
  camera_avfoundation:
    :path: ".symlinks/plugins/camera_avfoundation/ios"
  device_info_plus:
    :path: ".symlinks/plugins/device_info_plus/ios"
  Flutter:
    :path: Flutter
  path_provider_foundation:
    :path: ".symlinks/plugins/path_provider_foundation/ios"
  permission_handler_apple:
    :path: ".symlinks/plugins/permission_handler_apple/ios"
  share_plus:
    :path: ".symlinks/plugins/share_plus/ios"
  shared_preferences_foundation:
    :path: ".symlinks/plugins/shared_preferences_foundation/ios"
  xmpp_plugin:
    :path: ".symlinks/plugins/xmpp_plugin/ios"

SPEC CHECKSUMS:
  camera_avfoundation: 07c77549ea54ad95d8581be86617c094a46280d9
  CocoaAsyncSocket: 065fd1e645c7abab64f7a6a2007a48038fdc6a99
  CocoaLumberjack: 78abfb691154e2a9df8ded4350d504ee19d90732
  device_info_plus: e5c5da33f982a436e103237c0c85f9031142abed
  Flutter: f04841e97a9d0b0a8025694d0796dd46242b2854
  KissXML: 5c8e0f2e8b9f071d3e1ae123dec3eb5da615c10c
  libidn: e4576a956b797c584c77aaedfc6e3dd639b61bdc
  path_provider_foundation: 37748e03f12783f9de2cb2c4eadfaa25fe6d4852
  permission_handler_apple: 44366e37eaf29454a1e7b1b7d736c2cceaeb17ce
  share_plus: 056a1e8ac890df3e33cb503afffaf1e9b4fbae68
  shared_preferences_foundation: 297b3ebca31b34ec92be11acd7fb0ba932c822ca
  xmpp_plugin: b551e4fbe91962c7506c1edfc6e74d147d6a61ab
  XMPPFramework: 5d31ff9f73dce031b24bc49bcf88093627a3a86e

PODFILE CHECKSUM: ef19549a9bc3046e7bb7d2fab4d021637c0c58a3

COCOAPODS: 1.11.3
